// !$*UTF8*$!
{
	archiveVersion = 1;
	classes = {
	};
	objectVersion = 46;
	objects = {

/* Begin PBXBuildFile section */
		AD567D3415CAF87F00C5E212 /* UIKit.framework in Frameworks */ = {isa = PBXBuildFile; fileRef = AD567D3315CAF87F00C5E212 /* UIKit.framework */; };
		AD567D3615CAF87F00C5E212 /* Foundation.framework in Frameworks */ = {isa = PBXBuildFile; fileRef = AD567D3515CAF87F00C5E212 /* Foundation.framework */; };
		AD567D3815CAF87F00C5E212 /* CoreGraphics.framework in Frameworks */ = {isa = PBXBuildFile; fileRef = AD567D3715CAF87F00C5E212 /* CoreGraphics.framework */; };
		AD567D3E15CAF87F00C5E212 /* InfoPlist.strings in Resources */ = {isa = PBXBuildFile; fileRef = AD567D3C15CAF87F00C5E212 /* InfoPlist.strings */; };
		AD567D4015CAF87F00C5E212 /* main.m in Sources */ = {isa = PBXBuildFile; fileRef = AD567D3F15CAF87F00C5E212 /* main.m */; };
		AD567D4415CAF87F00C5E212 /* SCAppDelegate.m in Sources */ = {isa = PBXBuildFile; fileRef = AD567D4315CAF87F00C5E212 /* SCAppDelegate.m */; };
		AD567D4715CAF87F00C5E212 /* SCViewController.m in Sources */ = {isa = PBXBuildFile; fileRef = AD567D4615CAF87F00C5E212 /* SCViewController.m */; };
		AD567D4A15CAF87F00C5E212 /* SCViewController.xib in Resources */ = {isa = PBXBuildFile; fileRef = AD567D4815CAF87F00C5E212 /* SCViewController.xib */; };
		AD567DAC15CAF8D700C5E212 /* background_empty.png in Resources */ = {isa = PBXBuildFile; fileRef = AD567D5215CAF8D600C5E212 /* background_empty.png */; };
		AD567DAD15CAF8D700C5E212 /* background_empty@2x.png in Resources */ = {isa = PBXBuildFile; fileRef = AD567D5315CAF8D600C5E212 /* background_empty@2x.png */; };
		AD567DAE15CAF8D700C5E212 /* background_post.png in Resources */ = {isa = PBXBuildFile; fileRef = AD567D5415CAF8D600C5E212 /* background_post.png */; };
		AD567DAF15CAF8D700C5E212 /* background_post@2x.png in Resources */ = {isa = PBXBuildFile; fileRef = AD567D5515CAF8D600C5E212 /* background_post@2x.png */; };
		AD567DB015CAF8D700C5E212 /* balloon_blogger_gray.png in Resources */ = {isa = PBXBuildFile; fileRef = AD567D5815CAF8D600C5E212 /* balloon_blogger_gray.png */; };
		AD567DB115CAF8D700C5E212 /* balloon_facebook_gray.png in Resources */ = {isa = PBXBuildFile; fileRef = AD567D5915CAF8D600C5E212 /* balloon_facebook_gray.png */; };
		AD567DB215CAF8D700C5E212 /* balloon_flicr_gray.png in Resources */ = {isa = PBXBuildFile; fileRef = AD567D5A15CAF8D600C5E212 /* balloon_flicr_gray.png */; };
		AD567DB315CAF8D700C5E212 /* balloon_foursquare_gray.png in Resources */ = {isa = PBXBuildFile; fileRef = AD567D5B15CAF8D600C5E212 /* balloon_foursquare_gray.png */; };
		AD567DB415CAF8D700C5E212 /* balloon_googleplusblack_gray.png in Resources */ = {isa = PBXBuildFile; fileRef = AD567D5C15CAF8D600C5E212 /* balloon_googleplusblack_gray.png */; };
		AD567DB515CAF8D700C5E212 /* balloon_googlepluswhite_gray.png in Resources */ = {isa = PBXBuildFile; fileRef = AD567D5D15CAF8D600C5E212 /* balloon_googlepluswhite_gray.png */; };
		AD567DB615CAF8D700C5E212 /* balloon_instagram_gray.png in Resources */ = {isa = PBXBuildFile; fileRef = AD567D5E15CAF8D600C5E212 /* balloon_instagram_gray.png */; };
		AD567DB715CAF8D700C5E212 /* balloon_linkedin_gray.png in Resources */ = {isa = PBXBuildFile; fileRef = AD567D5F15CAF8D600C5E212 /* balloon_linkedin_gray.png */; };
		AD567DB815CAF8D700C5E212 /* balloon_myspace_gray.png in Resources */ = {isa = PBXBuildFile; fileRef = AD567D6015CAF8D600C5E212 /* balloon_myspace_gray.png */; };
		AD567DB915CAF8D700C5E212 /* balloon_tumblr_gray.png in Resources */ = {isa = PBXBuildFile; fileRef = AD567D6115CAF8D600C5E212 /* balloon_tumblr_gray.png */; };
		AD567DBA15CAF8D700C5E212 /* balloon_twitter_gray.png in Resources */ = {isa = PBXBuildFile; fileRef = AD567D6215CAF8D600C5E212 /* balloon_twitter_gray.png */; };
		AD567DBB15CAF8D700C5E212 /* balloon_wordpress_gray.png in Resources */ = {isa = PBXBuildFile; fileRef = AD567D6315CAF8D600C5E212 /* balloon_wordpress_gray.png */; };
		AD567DBC15CAF8D700C5E212 /* balloon_blogger_gray@2x.png in Resources */ = {isa = PBXBuildFile; fileRef = AD567D6515CAF8D600C5E212 /* balloon_blogger_gray@2x.png */; };
		AD567DBD15CAF8D700C5E212 /* balloon_facebook_gray@2x.png in Resources */ = {isa = PBXBuildFile; fileRef = AD567D6615CAF8D700C5E212 /* balloon_facebook_gray@2x.png */; };
		AD567DBE15CAF8D700C5E212 /* balloon_flickr_gray@2x.png in Resources */ = {isa = PBXBuildFile; fileRef = AD567D6715CAF8D700C5E212 /* balloon_flickr_gray@2x.png */; };
		AD567DBF15CAF8D700C5E212 /* balloon_foursquare_gray@2x.png in Resources */ = {isa = PBXBuildFile; fileRef = AD567D6815CAF8D700C5E212 /* balloon_foursquare_gray@2x.png */; };
		AD567DC015CAF8D700C5E212 /* balloon_googleplusblack_gray@2x.png in Resources */ = {isa = PBXBuildFile; fileRef = AD567D6915CAF8D700C5E212 /* balloon_googleplusblack_gray@2x.png */; };
		AD567DC115CAF8D700C5E212 /* balloon_googlepluswhite_gray@2x.png in Resources */ = {isa = PBXBuildFile; fileRef = AD567D6A15CAF8D700C5E212 /* balloon_googlepluswhite_gray@2x.png */; };
		AD567DC215CAF8D700C5E212 /* balloon_instagram_gray@2x.png in Resources */ = {isa = PBXBuildFile; fileRef = AD567D6B15CAF8D700C5E212 /* balloon_instagram_gray@2x.png */; };
		AD567DC315CAF8D700C5E212 /* balloon_linkedin_gray@2x.png in Resources */ = {isa = PBXBuildFile; fileRef = AD567D6C15CAF8D700C5E212 /* balloon_linkedin_gray@2x.png */; };
		AD567DC415CAF8D700C5E212 /* balloon_myspace_gray@2x.png in Resources */ = {isa = PBXBuildFile; fileRef = AD567D6D15CAF8D700C5E212 /* balloon_myspace_gray@2x.png */; };
		AD567DC515CAF8D700C5E212 /* balloon_tumblr_gray@2x.png in Resources */ = {isa = PBXBuildFile; fileRef = AD567D6E15CAF8D700C5E212 /* balloon_tumblr_gray@2x.png */; };
		AD567DC615CAF8D700C5E212 /* balloon_twitter_gray@2x.png in Resources */ = {isa = PBXBuildFile; fileRef = AD567D6F15CAF8D700C5E212 /* balloon_twitter_gray@2x.png */; };
		AD567DC715CAF8D700C5E212 /* balloon_wordpress_gray@2x.png in Resources */ = {isa = PBXBuildFile; fileRef = AD567D7015CAF8D700C5E212 /* balloon_wordpress_gray@2x.png */; };
		AD567DC815CAF8D700C5E212 /* balloon_blogger.png in Resources */ = {isa = PBXBuildFile; fileRef = AD567D7315CAF8D700C5E212 /* balloon_blogger.png */; };
		AD567DC915CAF8D700C5E212 /* balloon_facebook.png in Resources */ = {isa = PBXBuildFile; fileRef = AD567D7415CAF8D700C5E212 /* balloon_facebook.png */; };
		AD567DCA15CAF8D700C5E212 /* balloon_flicr.png in Resources */ = {isa = PBXBuildFile; fileRef = AD567D7515CAF8D700C5E212 /* balloon_flicr.png */; };
		AD567DCB15CAF8D700C5E212 /* balloon_foursquare.png in Resources */ = {isa = PBXBuildFile; fileRef = AD567D7615CAF8D700C5E212 /* balloon_foursquare.png */; };
		AD567DCC15CAF8D700C5E212 /* balloon_googleplusblack.png in Resources */ = {isa = PBXBuildFile; fileRef = AD567D7715CAF8D700C5E212 /* balloon_googleplusblack.png */; };
		AD567DCD15CAF8D700C5E212 /* balloon_googlepluswhite.png in Resources */ = {isa = PBXBuildFile; fileRef = AD567D7815CAF8D700C5E212 /* balloon_googlepluswhite.png */; };
		AD567DCE15CAF8D700C5E212 /* balloon_instagram.png in Resources */ = {isa = PBXBuildFile; fileRef = AD567D7915CAF8D700C5E212 /* balloon_instagram.png */; };
		AD567DCF15CAF8D700C5E212 /* balloon_linkedin.png in Resources */ = {isa = PBXBuildFile; fileRef = AD567D7A15CAF8D700C5E212 /* balloon_linkedin.png */; };
		AD567DD015CAF8D700C5E212 /* balloon_myspace.png in Resources */ = {isa = PBXBuildFile; fileRef = AD567D7B15CAF8D700C5E212 /* balloon_myspace.png */; };
		AD567DD115CAF8D700C5E212 /* balloon_tumblr.png in Resources */ = {isa = PBXBuildFile; fileRef = AD567D7C15CAF8D700C5E212 /* balloon_tumblr.png */; };
		AD567DD215CAF8D700C5E212 /* balloon_twitter.png in Resources */ = {isa = PBXBuildFile; fileRef = AD567D7D15CAF8D700C5E212 /* balloon_twitter.png */; };
		AD567DD315CAF8D700C5E212 /* balloon_wordpress.png in Resources */ = {isa = PBXBuildFile; fileRef = AD567D7E15CAF8D700C5E212 /* balloon_wordpress.png */; };
		AD567DD415CAF8D700C5E212 /* balloon_blogger@2x.png in Resources */ = {isa = PBXBuildFile; fileRef = AD567D8015CAF8D700C5E212 /* balloon_blogger@2x.png */; };
		AD567DD515CAF8D700C5E212 /* balloon_facebook@2x.png in Resources */ = {isa = PBXBuildFile; fileRef = AD567D8115CAF8D700C5E212 /* balloon_facebook@2x.png */; };
		AD567DD615CAF8D700C5E212 /* balloon_flickr@2x.png in Resources */ = {isa = PBXBuildFile; fileRef = AD567D8215CAF8D700C5E212 /* balloon_flickr@2x.png */; };
		AD567DD715CAF8D700C5E212 /* balloon_foursquare@2x.png in Resources */ = {isa = PBXBuildFile; fileRef = AD567D8315CAF8D700C5E212 /* balloon_foursquare@2x.png */; };
		AD567DD815CAF8D700C5E212 /* balloon_googleplusblack@2x.png in Resources */ = {isa = PBXBuildFile; fileRef = AD567D8415CAF8D700C5E212 /* balloon_googleplusblack@2x.png */; };
		AD567DD915CAF8D700C5E212 /* balloon_googlepluswhite@2x.png in Resources */ = {isa = PBXBuildFile; fileRef = AD567D8515CAF8D700C5E212 /* balloon_googlepluswhite@2x.png */; };
		AD567DDA15CAF8D700C5E212 /* balloon_instagram@2x.png in Resources */ = {isa = PBXBuildFile; fileRef = AD567D8615CAF8D700C5E212 /* balloon_instagram@2x.png */; };
		AD567DDB15CAF8D700C5E212 /* balloon_linkedin@2x.png in Resources */ = {isa = PBXBuildFile; fileRef = AD567D8715CAF8D700C5E212 /* balloon_linkedin@2x.png */; };
		AD567DDC15CAF8D700C5E212 /* balloon_myspace@2x.png in Resources */ = {isa = PBXBuildFile; fileRef = AD567D8815CAF8D700C5E212 /* balloon_myspace@2x.png */; };
		AD567DDD15CAF8D700C5E212 /* balloon_tumblr@2x.png in Resources */ = {isa = PBXBuildFile; fileRef = AD567D8915CAF8D700C5E212 /* balloon_tumblr@2x.png */; };
		AD567DDE15CAF8D700C5E212 /* balloon_twitter@2x.png in Resources */ = {isa = PBXBuildFile; fileRef = AD567D8A15CAF8D700C5E212 /* balloon_twitter@2x.png */; };
		AD567DDF15CAF8D700C5E212 /* balloon_wordpress@2x.png in Resources */ = {isa = PBXBuildFile; fileRef = AD567D8B15CAF8D700C5E212 /* balloon_wordpress@2x.png */; };
		AD567DE015CAF8D700C5E212 /* rectengular_button.png in Resources */ = {isa = PBXBuildFile; fileRef = AD567D8D15CAF8D700C5E212 /* rectengular_button.png */; };
		AD567DE115CAF8D700C5E212 /* rectengular_button@2x.png in Resources */ = {isa = PBXBuildFile; fileRef = AD567D8E15CAF8D700C5E212 /* rectengular_button@2x.png */; };
		AD567DE215CAF8D700C5E212 /* circular_blogger.png in Resources */ = {isa = PBXBuildFile; fileRef = AD567D9115CAF8D700C5E212 /* circular_blogger.png */; };
		AD567DE315CAF8D700C5E212 /* circular_centerminus.png in Resources */ = {isa = PBXBuildFile; fileRef = AD567D9215CAF8D700C5E212 /* circular_centerminus.png */; };
		AD567DE415CAF8D700C5E212 /* circular_facebook.png in Resources */ = {isa = PBXBuildFile; fileRef = AD567D9315CAF8D700C5E212 /* circular_facebook.png */; };
		AD567DE515CAF8D700C5E212 /* circular_flickr.png in Resources */ = {isa = PBXBuildFile; fileRef = AD567D9415CAF8D700C5E212 /* circular_flickr.png */; };
		AD567DE615CAF8D700C5E212 /* circular_foursquare.png in Resources */ = {isa = PBXBuildFile; fileRef = AD567D9515CAF8D700C5E212 /* circular_foursquare.png */; };
		AD567DE715CAF8D700C5E212 /* circular_googleplus.png in Resources */ = {isa = PBXBuildFile; fileRef = AD567D9615CAF8D700C5E212 /* circular_googleplus.png */; };
		AD567DE815CAF8D700C5E212 /* circular_instagram.png in Resources */ = {isa = PBXBuildFile; fileRef = AD567D9715CAF8D700C5E212 /* circular_instagram.png */; };
		AD567DE915CAF8D700C5E212 /* circular_linkedin.png in Resources */ = {isa = PBXBuildFile; fileRef = AD567D9815CAF8D700C5E212 /* circular_linkedin.png */; };
		AD567DEA15CAF8D700C5E212 /* circular_settings.png in Resources */ = {isa = PBXBuildFile; fileRef = AD567D9915CAF8D700C5E212 /* circular_settings.png */; };
		AD567DEB15CAF8D700C5E212 /* circular_socialcenter.png in Resources */ = {isa = PBXBuildFile; fileRef = AD567D9A15CAF8D700C5E212 /* circular_socialcenter.png */; };
		AD567DEC15CAF8D700C5E212 /* circular_tumblr.png in Resources */ = {isa = PBXBuildFile; fileRef = AD567D9B15CAF8D700C5E212 /* circular_tumblr.png */; };
		AD567DED15CAF8D700C5E212 /* circular_twitter.png in Resources */ = {isa = PBXBuildFile; fileRef = AD567D9C15CAF8D700C5E212 /* circular_twitter.png */; };
		AD567DEE15CAF8D700C5E212 /* circular_wordpress.png in Resources */ = {isa = PBXBuildFile; fileRef = AD567D9D15CAF8D700C5E212 /* circular_wordpress.png */; };
		AD567DEF15CAF8D700C5E212 /* circular_blogger@2x.png in Resources */ = {isa = PBXBuildFile; fileRef = AD567D9F15CAF8D700C5E212 /* circular_blogger@2x.png */; };
		AD567DF015CAF8D700C5E212 /* circular_centerminus@2x.png in Resources */ = {isa = PBXBuildFile; fileRef = AD567DA015CAF8D700C5E212 /* circular_centerminus@2x.png */; };
		AD567DF115CAF8D700C5E212 /* circular_facebook@2x.png in Resources */ = {isa = PBXBuildFile; fileRef = AD567DA115CAF8D700C5E212 /* circular_facebook@2x.png */; };
		AD567DF215CAF8D700C5E212 /* circular_flickr@2x.png in Resources */ = {isa = PBXBuildFile; fileRef = AD567DA215CAF8D700C5E212 /* circular_flickr@2x.png */; };
		AD567DF315CAF8D700C5E212 /* circular_foursquare@2x.png in Resources */ = {isa = PBXBuildFile; fileRef = AD567DA315CAF8D700C5E212 /* circular_foursquare@2x.png */; };
		AD567DF415CAF8D700C5E212 /* circular_googleplus@2x.png in Resources */ = {isa = PBXBuildFile; fileRef = AD567DA415CAF8D700C5E212 /* circular_googleplus@2x.png */; };
		AD567DF515CAF8D700C5E212 /* circular_instagram@2x.png in Resources */ = {isa = PBXBuildFile; fileRef = AD567DA515CAF8D700C5E212 /* circular_instagram@2x.png */; };
		AD567DF615CAF8D700C5E212 /* circular_linkedin@2x.png in Resources */ = {isa = PBXBuildFile; fileRef = AD567DA615CAF8D700C5E212 /* circular_linkedin@2x.png */; };
		AD567DF715CAF8D700C5E212 /* circular_settings@2x.png in Resources */ = {isa = PBXBuildFile; fileRef = AD567DA715CAF8D700C5E212 /* circular_settings@2x.png */; };
		AD567DF815CAF8D700C5E212 /* circular_socialcenter@2x.png in Resources */ = {isa = PBXBuildFile; fileRef = AD567DA815CAF8D700C5E212 /* circular_socialcenter@2x.png */; };
		AD567DF915CAF8D700C5E212 /* circular_tumblr@2x.png in Resources */ = {isa = PBXBuildFile; fileRef = AD567DA915CAF8D700C5E212 /* circular_tumblr@2x.png */; };
		AD567DFA15CAF8D700C5E212 /* circular_twitter@2x.png in Resources */ = {isa = PBXBuildFile; fileRef = AD567DAA15CAF8D700C5E212 /* circular_twitter@2x.png */; };
		AD567DFB15CAF8D700C5E212 /* circular_wordpress@2x.png in Resources */ = {isa = PBXBuildFile; fileRef = AD567DAB15CAF8D700C5E212 /* circular_wordpress@2x.png */; };
		AD567DFF15CAF98D00C5E212 /* SCMenuViewController.m in Sources */ = {isa = PBXBuildFile; fileRef = AD567DFD15CAF98D00C5E212 /* SCMenuViewController.m */; };
		AD567E0015CAF98D00C5E212 /* SCMenuViewController.xib in Resources */ = {isa = PBXBuildFile; fileRef = AD567DFE15CAF98D00C5E212 /* SCMenuViewController.xib */; };
		AD567E0315CAFF3700C5E212 /* SCBaseViewController.m in Sources */ = {isa = PBXBuildFile; fileRef = AD567E0215CAFF3700C5E212 /* SCBaseViewController.m */; };
		AD567E0715CB034100C5E212 /* SCPostViewController.m in Sources */ = {isa = PBXBuildFile; fileRef = AD567E0515CB034100C5E212 /* SCPostViewController.m */; };
		AD567E0815CB034100C5E212 /* SCPostViewController.xib in Resources */ = {isa = PBXBuildFile; fileRef = AD567E0615CB034100C5E212 /* SCPostViewController.xib */; };
		ADD595DF15CB204E00112F75 /* backgroung_white_circle.png in Resources */ = {isa = PBXBuildFile; fileRef = ADD595DE15CB204E00112F75 /* backgroung_white_circle.png */; };
/* End PBXBuildFile section */

/* Begin PBXFileReference section */
		AD567D2F15CAF87F00C5E212 /* Social Center.app */ = {isa = PBXFileReference; explicitFileType = wrapper.application; includeInIndex = 0; path = "Social Center.app"; sourceTree = BUILT_PRODUCTS_DIR; };
		AD567D3315CAF87F00C5E212 /* UIKit.framework */ = {isa = PBXFileReference; lastKnownFileType = wrapper.framework; name = UIKit.framework; path = System/Library/Frameworks/UIKit.framework; sourceTree = SDKROOT; };
		AD567D3515CAF87F00C5E212 /* Foundation.framework */ = {isa = PBXFileReference; lastKnownFileType = wrapper.framework; name = Foundation.framework; path = System/Library/Frameworks/Foundation.framework; sourceTree = SDKROOT; };
		AD567D3715CAF87F00C5E212 /* CoreGraphics.framework */ = {isa = PBXFileReference; lastKnownFileType = wrapper.framework; name = CoreGraphics.framework; path = System/Library/Frameworks/CoreGraphics.framework; sourceTree = SDKROOT; };
		AD567D3B15CAF87F00C5E212 /* Social Center-Info.plist */ = {isa = PBXFileReference; lastKnownFileType = text.plist.xml; path = "Social Center-Info.plist"; sourceTree = "<group>"; };
		AD567D3D15CAF87F00C5E212 /* en */ = {isa = PBXFileReference; lastKnownFileType = text.plist.strings; name = en; path = en.lproj/InfoPlist.strings; sourceTree = "<group>"; };
		AD567D3F15CAF87F00C5E212 /* main.m */ = {isa = PBXFileReference; lastKnownFileType = sourcecode.c.objc; path = main.m; sourceTree = "<group>"; };
		AD567D4115CAF87F00C5E212 /* Social Center-Prefix.pch */ = {isa = PBXFileReference; lastKnownFileType = sourcecode.c.h; path = "Social Center-Prefix.pch"; sourceTree = "<group>"; };
		AD567D4215CAF87F00C5E212 /* SCAppDelegate.h */ = {isa = PBXFileReference; lastKnownFileType = sourcecode.c.h; path = SCAppDelegate.h; sourceTree = "<group>"; };
		AD567D4315CAF87F00C5E212 /* SCAppDelegate.m */ = {isa = PBXFileReference; lastKnownFileType = sourcecode.c.objc; path = SCAppDelegate.m; sourceTree = "<group>"; };
		AD567D4515CAF87F00C5E212 /* SCViewController.h */ = {isa = PBXFileReference; lastKnownFileType = sourcecode.c.h; path = SCViewController.h; sourceTree = "<group>"; };
		AD567D4615CAF87F00C5E212 /* SCViewController.m */ = {isa = PBXFileReference; lastKnownFileType = sourcecode.c.objc; path = SCViewController.m; sourceTree = "<group>"; };
		AD567D4915CAF87F00C5E212 /* en */ = {isa = PBXFileReference; lastKnownFileType = file.xib; name = en; path = en.lproj/SCViewController.xib; sourceTree = "<group>"; };
		AD567D5215CAF8D600C5E212 /* background_empty.png */ = {isa = PBXFileReference; lastKnownFileType = image.png; path = background_empty.png; sourceTree = "<group>"; };
		AD567D5315CAF8D600C5E212 /* background_empty@2x.png */ = {isa = PBXFileReference; lastKnownFileType = image.png; path = "background_empty@2x.png"; sourceTree = "<group>"; };
		AD567D5415CAF8D600C5E212 /* background_post.png */ = {isa = PBXFileReference; lastKnownFileType = image.png; path = background_post.png; sourceTree = "<group>"; };
		AD567D5515CAF8D600C5E212 /* background_post@2x.png */ = {isa = PBXFileReference; lastKnownFileType = image.png; path = "background_post@2x.png"; sourceTree = "<group>"; };
		AD567D5815CAF8D600C5E212 /* balloon_blogger_gray.png */ = {isa = PBXFileReference; lastKnownFileType = image.png; path = balloon_blogger_gray.png; sourceTree = "<group>"; };
		AD567D5915CAF8D600C5E212 /* balloon_facebook_gray.png */ = {isa = PBXFileReference; lastKnownFileType = image.png; path = balloon_facebook_gray.png; sourceTree = "<group>"; };
		AD567D5A15CAF8D600C5E212 /* balloon_flicr_gray.png */ = {isa = PBXFileReference; lastKnownFileType = image.png; path = balloon_flicr_gray.png; sourceTree = "<group>"; };
		AD567D5B15CAF8D600C5E212 /* balloon_foursquare_gray.png */ = {isa = PBXFileReference; lastKnownFileType = image.png; path = balloon_foursquare_gray.png; sourceTree = "<group>"; };
		AD567D5C15CAF8D600C5E212 /* balloon_googleplusblack_gray.png */ = {isa = PBXFileReference; lastKnownFileType = image.png; path = balloon_googleplusblack_gray.png; sourceTree = "<group>"; };
		AD567D5D15CAF8D600C5E212 /* balloon_googlepluswhite_gray.png */ = {isa = PBXFileReference; lastKnownFileType = image.png; path = balloon_googlepluswhite_gray.png; sourceTree = "<group>"; };
		AD567D5E15CAF8D600C5E212 /* balloon_instagram_gray.png */ = {isa = PBXFileReference; lastKnownFileType = image.png; path = balloon_instagram_gray.png; sourceTree = "<group>"; };
		AD567D5F15CAF8D600C5E212 /* balloon_linkedin_gray.png */ = {isa = PBXFileReference; lastKnownFileType = image.png; path = balloon_linkedin_gray.png; sourceTree = "<group>"; };
		AD567D6015CAF8D600C5E212 /* balloon_myspace_gray.png */ = {isa = PBXFileReference; lastKnownFileType = image.png; path = balloon_myspace_gray.png; sourceTree = "<group>"; };
		AD567D6115CAF8D600C5E212 /* balloon_tumblr_gray.png */ = {isa = PBXFileReference; lastKnownFileType = image.png; path = balloon_tumblr_gray.png; sourceTree = "<group>"; };
		AD567D6215CAF8D600C5E212 /* balloon_twitter_gray.png */ = {isa = PBXFileReference; lastKnownFileType = image.png; path = balloon_twitter_gray.png; sourceTree = "<group>"; };
		AD567D6315CAF8D600C5E212 /* balloon_wordpress_gray.png */ = {isa = PBXFileReference; lastKnownFileType = image.png; path = balloon_wordpress_gray.png; sourceTree = "<group>"; };
		AD567D6515CAF8D600C5E212 /* balloon_blogger_gray@2x.png */ = {isa = PBXFileReference; lastKnownFileType = image.png; path = "balloon_blogger_gray@2x.png"; sourceTree = "<group>"; };
		AD567D6615CAF8D700C5E212 /* balloon_facebook_gray@2x.png */ = {isa = PBXFileReference; lastKnownFileType = image.png; path = "balloon_facebook_gray@2x.png"; sourceTree = "<group>"; };
		AD567D6715CAF8D700C5E212 /* balloon_flickr_gray@2x.png */ = {isa = PBXFileReference; lastKnownFileType = image.png; path = "balloon_flickr_gray@2x.png"; sourceTree = "<group>"; };
		AD567D6815CAF8D700C5E212 /* balloon_foursquare_gray@2x.png */ = {isa = PBXFileReference; lastKnownFileType = image.png; path = "balloon_foursquare_gray@2x.png"; sourceTree = "<group>"; };
		AD567D6915CAF8D700C5E212 /* balloon_googleplusblack_gray@2x.png */ = {isa = PBXFileReference; lastKnownFileType = image.png; path = "balloon_googleplusblack_gray@2x.png"; sourceTree = "<group>"; };
		AD567D6A15CAF8D700C5E212 /* balloon_googlepluswhite_gray@2x.png */ = {isa = PBXFileReference; lastKnownFileType = image.png; path = "balloon_googlepluswhite_gray@2x.png"; sourceTree = "<group>"; };
		AD567D6B15CAF8D700C5E212 /* balloon_instagram_gray@2x.png */ = {isa = PBXFileReference; lastKnownFileType = image.png; path = "balloon_instagram_gray@2x.png"; sourceTree = "<group>"; };
		AD567D6C15CAF8D700C5E212 /* balloon_linkedin_gray@2x.png */ = {isa = PBXFileReference; lastKnownFileType = image.png; path = "balloon_linkedin_gray@2x.png"; sourceTree = "<group>"; };
		AD567D6D15CAF8D700C5E212 /* balloon_myspace_gray@2x.png */ = {isa = PBXFileReference; lastKnownFileType = image.png; path = "balloon_myspace_gray@2x.png"; sourceTree = "<group>"; };
		AD567D6E15CAF8D700C5E212 /* balloon_tumblr_gray@2x.png */ = {isa = PBXFileReference; lastKnownFileType = image.png; path = "balloon_tumblr_gray@2x.png"; sourceTree = "<group>"; };
		AD567D6F15CAF8D700C5E212 /* balloon_twitter_gray@2x.png */ = {isa = PBXFileReference; lastKnownFileType = image.png; path = "balloon_twitter_gray@2x.png"; sourceTree = "<group>"; };
		AD567D7015CAF8D700C5E212 /* balloon_wordpress_gray@2x.png */ = {isa = PBXFileReference; lastKnownFileType = image.png; path = "balloon_wordpress_gray@2x.png"; sourceTree = "<group>"; };
		AD567D7315CAF8D700C5E212 /* balloon_blogger.png */ = {isa = PBXFileReference; lastKnownFileType = image.png; path = balloon_blogger.png; sourceTree = "<group>"; };
		AD567D7415CAF8D700C5E212 /* balloon_facebook.png */ = {isa = PBXFileReference; lastKnownFileType = image.png; path = balloon_facebook.png; sourceTree = "<group>"; };
		AD567D7515CAF8D700C5E212 /* balloon_flicr.png */ = {isa = PBXFileReference; lastKnownFileType = image.png; path = balloon_flicr.png; sourceTree = "<group>"; };
		AD567D7615CAF8D700C5E212 /* balloon_foursquare.png */ = {isa = PBXFileReference; lastKnownFileType = image.png; path = balloon_foursquare.png; sourceTree = "<group>"; };
		AD567D7715CAF8D700C5E212 /* balloon_googleplusblack.png */ = {isa = PBXFileReference; lastKnownFileType = image.png; path = balloon_googleplusblack.png; sourceTree = "<group>"; };
		AD567D7815CAF8D700C5E212 /* balloon_googlepluswhite.png */ = {isa = PBXFileReference; lastKnownFileType = image.png; path = balloon_googlepluswhite.png; sourceTree = "<group>"; };
		AD567D7915CAF8D700C5E212 /* balloon_instagram.png */ = {isa = PBXFileReference; lastKnownFileType = image.png; path = balloon_instagram.png; sourceTree = "<group>"; };
		AD567D7A15CAF8D700C5E212 /* balloon_linkedin.png */ = {isa = PBXFileReference; lastKnownFileType = image.png; path = balloon_linkedin.png; sourceTree = "<group>"; };
		AD567D7B15CAF8D700C5E212 /* balloon_myspace.png */ = {isa = PBXFileReference; lastKnownFileType = image.png; path = balloon_myspace.png; sourceTree = "<group>"; };
		AD567D7C15CAF8D700C5E212 /* balloon_tumblr.png */ = {isa = PBXFileReference; lastKnownFileType = image.png; path = balloon_tumblr.png; sourceTree = "<group>"; };
		AD567D7D15CAF8D700C5E212 /* balloon_twitter.png */ = {isa = PBXFileReference; lastKnownFileType = image.png; path = balloon_twitter.png; sourceTree = "<group>"; };
		AD567D7E15CAF8D700C5E212 /* balloon_wordpress.png */ = {isa = PBXFileReference; lastKnownFileType = image.png; path = balloon_wordpress.png; sourceTree = "<group>"; };
		AD567D8015CAF8D700C5E212 /* balloon_blogger@2x.png */ = {isa = PBXFileReference; lastKnownFileType = image.png; path = "balloon_blogger@2x.png"; sourceTree = "<group>"; };
		AD567D8115CAF8D700C5E212 /* balloon_facebook@2x.png */ = {isa = PBXFileReference; lastKnownFileType = image.png; path = "balloon_facebook@2x.png"; sourceTree = "<group>"; };
		AD567D8215CAF8D700C5E212 /* balloon_flickr@2x.png */ = {isa = PBXFileReference; lastKnownFileType = image.png; path = "balloon_flickr@2x.png"; sourceTree = "<group>"; };
		AD567D8315CAF8D700C5E212 /* balloon_foursquare@2x.png */ = {isa = PBXFileReference; lastKnownFileType = image.png; path = "balloon_foursquare@2x.png"; sourceTree = "<group>"; };
		AD567D8415CAF8D700C5E212 /* balloon_googleplusblack@2x.png */ = {isa = PBXFileReference; lastKnownFileType = image.png; path = "balloon_googleplusblack@2x.png"; sourceTree = "<group>"; };
		AD567D8515CAF8D700C5E212 /* balloon_googlepluswhite@2x.png */ = {isa = PBXFileReference; lastKnownFileType = image.png; path = "balloon_googlepluswhite@2x.png"; sourceTree = "<group>"; };
		AD567D8615CAF8D700C5E212 /* balloon_instagram@2x.png */ = {isa = PBXFileReference; lastKnownFileType = image.png; path = "balloon_instagram@2x.png"; sourceTree = "<group>"; };
		AD567D8715CAF8D700C5E212 /* balloon_linkedin@2x.png */ = {isa = PBXFileReference; lastKnownFileType = image.png; path = "balloon_linkedin@2x.png"; sourceTree = "<group>"; };
		AD567D8815CAF8D700C5E212 /* balloon_myspace@2x.png */ = {isa = PBXFileReference; lastKnownFileType = image.png; path = "balloon_myspace@2x.png"; sourceTree = "<group>"; };
		AD567D8915CAF8D700C5E212 /* balloon_tumblr@2x.png */ = {isa = PBXFileReference; lastKnownFileType = image.png; path = "balloon_tumblr@2x.png"; sourceTree = "<group>"; };
		AD567D8A15CAF8D700C5E212 /* balloon_twitter@2x.png */ = {isa = PBXFileReference; lastKnownFileType = image.png; path = "balloon_twitter@2x.png"; sourceTree = "<group>"; };
		AD567D8B15CAF8D700C5E212 /* balloon_wordpress@2x.png */ = {isa = PBXFileReference; lastKnownFileType = image.png; path = "balloon_wordpress@2x.png"; sourceTree = "<group>"; };
		AD567D8D15CAF8D700C5E212 /* rectengular_button.png */ = {isa = PBXFileReference; lastKnownFileType = image.png; path = rectengular_button.png; sourceTree = "<group>"; };
		AD567D8E15CAF8D700C5E212 /* rectengular_button@2x.png */ = {isa = PBXFileReference; lastKnownFileType = image.png; path = "rectengular_button@2x.png"; sourceTree = "<group>"; };
		AD567D9115CAF8D700C5E212 /* circular_blogger.png */ = {isa = PBXFileReference; lastKnownFileType = image.png; path = circular_blogger.png; sourceTree = "<group>"; };
		AD567D9215CAF8D700C5E212 /* circular_centerminus.png */ = {isa = PBXFileReference; lastKnownFileType = image.png; path = circular_centerminus.png; sourceTree = "<group>"; };
		AD567D9315CAF8D700C5E212 /* circular_facebook.png */ = {isa = PBXFileReference; lastKnownFileType = image.png; path = circular_facebook.png; sourceTree = "<group>"; };
		AD567D9415CAF8D700C5E212 /* circular_flickr.png */ = {isa = PBXFileReference; lastKnownFileType = image.png; path = circular_flickr.png; sourceTree = "<group>"; };
		AD567D9515CAF8D700C5E212 /* circular_foursquare.png */ = {isa = PBXFileReference; lastKnownFileType = image.png; path = circular_foursquare.png; sourceTree = "<group>"; };
		AD567D9615CAF8D700C5E212 /* circular_googleplus.png */ = {isa = PBXFileReference; lastKnownFileType = image.png; path = circular_googleplus.png; sourceTree = "<group>"; };
		AD567D9715CAF8D700C5E212 /* circular_instagram.png */ = {isa = PBXFileReference; lastKnownFileType = image.png; path = circular_instagram.png; sourceTree = "<group>"; };
		AD567D9815CAF8D700C5E212 /* circular_linkedin.png */ = {isa = PBXFileReference; lastKnownFileType = image.png; path = circular_linkedin.png; sourceTree = "<group>"; };
		AD567D9915CAF8D700C5E212 /* circular_settings.png */ = {isa = PBXFileReference; lastKnownFileType = image.png; path = circular_settings.png; sourceTree = "<group>"; };
		AD567D9A15CAF8D700C5E212 /* circular_socialcenter.png */ = {isa = PBXFileReference; lastKnownFileType = image.png; path = circular_socialcenter.png; sourceTree = "<group>"; };
		AD567D9B15CAF8D700C5E212 /* circular_tumblr.png */ = {isa = PBXFileReference; lastKnownFileType = image.png; path = circular_tumblr.png; sourceTree = "<group>"; };
		AD567D9C15CAF8D700C5E212 /* circular_twitter.png */ = {isa = PBXFileReference; lastKnownFileType = image.png; path = circular_twitter.png; sourceTree = "<group>"; };
		AD567D9D15CAF8D700C5E212 /* circular_wordpress.png */ = {isa = PBXFileReference; lastKnownFileType = image.png; path = circular_wordpress.png; sourceTree = "<group>"; };
		AD567D9F15CAF8D700C5E212 /* circular_blogger@2x.png */ = {isa = PBXFileReference; lastKnownFileType = image.png; path = "circular_blogger@2x.png"; sourceTree = "<group>"; };
		AD567DA015CAF8D700C5E212 /* circular_centerminus@2x.png */ = {isa = PBXFileReference; lastKnownFileType = image.png; path = "circular_centerminus@2x.png"; sourceTree = "<group>"; };
		AD567DA115CAF8D700C5E212 /* circular_facebook@2x.png */ = {isa = PBXFileReference; lastKnownFileType = image.png; path = "circular_facebook@2x.png"; sourceTree = "<group>"; };
		AD567DA215CAF8D700C5E212 /* circular_flickr@2x.png */ = {isa = PBXFileReference; lastKnownFileType = image.png; path = "circular_flickr@2x.png"; sourceTree = "<group>"; };
		AD567DA315CAF8D700C5E212 /* circular_foursquare@2x.png */ = {isa = PBXFileReference; lastKnownFileType = image.png; path = "circular_foursquare@2x.png"; sourceTree = "<group>"; };
		AD567DA415CAF8D700C5E212 /* circular_googleplus@2x.png */ = {isa = PBXFileReference; lastKnownFileType = image.png; path = "circular_googleplus@2x.png"; sourceTree = "<group>"; };
		AD567DA515CAF8D700C5E212 /* circular_instagram@2x.png */ = {isa = PBXFileReference; lastKnownFileType = image.png; path = "circular_instagram@2x.png"; sourceTree = "<group>"; };
		AD567DA615CAF8D700C5E212 /* circular_linkedin@2x.png */ = {isa = PBXFileReference; lastKnownFileType = image.png; path = "circular_linkedin@2x.png"; sourceTree = "<group>"; };
		AD567DA715CAF8D700C5E212 /* circular_settings@2x.png */ = {isa = PBXFileReference; lastKnownFileType = image.png; path = "circular_settings@2x.png"; sourceTree = "<group>"; };
		AD567DA815CAF8D700C5E212 /* circular_socialcenter@2x.png */ = {isa = PBXFileReference; lastKnownFileType = image.png; path = "circular_socialcenter@2x.png"; sourceTree = "<group>"; };
		AD567DA915CAF8D700C5E212 /* circular_tumblr@2x.png */ = {isa = PBXFileReference; lastKnownFileType = image.png; path = "circular_tumblr@2x.png"; sourceTree = "<group>"; };
		AD567DAA15CAF8D700C5E212 /* circular_twitter@2x.png */ = {isa = PBXFileReference; lastKnownFileType = image.png; path = "circular_twitter@2x.png"; sourceTree = "<group>"; };
		AD567DAB15CAF8D700C5E212 /* circular_wordpress@2x.png */ = {isa = PBXFileReference; lastKnownFileType = image.png; path = "circular_wordpress@2x.png"; sourceTree = "<group>"; };
		AD567DFC15CAF98D00C5E212 /* SCMenuViewController.h */ = {isa = PBXFileReference; fileEncoding = 4; lastKnownFileType = sourcecode.c.h; path = SCMenuViewController.h; sourceTree = "<group>"; };
		AD567DFD15CAF98D00C5E212 /* SCMenuViewController.m */ = {isa = PBXFileReference; fileEncoding = 4; lastKnownFileType = sourcecode.c.objc; path = SCMenuViewController.m; sourceTree = "<group>"; };
		AD567DFE15CAF98D00C5E212 /* SCMenuViewController.xib */ = {isa = PBXFileReference; fileEncoding = 4; lastKnownFileType = file.xib; path = SCMenuViewController.xib; sourceTree = "<group>"; };
		AD567E0115CAFF3700C5E212 /* SCBaseViewController.h */ = {isa = PBXFileReference; fileEncoding = 4; lastKnownFileType = sourcecode.c.h; path = SCBaseViewController.h; sourceTree = "<group>"; };
		AD567E0215CAFF3700C5E212 /* SCBaseViewController.m */ = {isa = PBXFileReference; fileEncoding = 4; lastKnownFileType = sourcecode.c.objc; path = SCBaseViewController.m; sourceTree = "<group>"; };
		AD567E0415CB034100C5E212 /* SCPostViewController.h */ = {isa = PBXFileReference; fileEncoding = 4; lastKnownFileType = sourcecode.c.h; path = SCPostViewController.h; sourceTree = "<group>"; };
		AD567E0515CB034100C5E212 /* SCPostViewController.m */ = {isa = PBXFileReference; fileEncoding = 4; lastKnownFileType = sourcecode.c.objc; path = SCPostViewController.m; sourceTree = "<group>"; };
		AD567E0615CB034100C5E212 /* SCPostViewController.xib */ = {isa = PBXFileReference; fileEncoding = 4; lastKnownFileType = file.xib; path = SCPostViewController.xib; sourceTree = "<group>"; };
		ADD595DE15CB204E00112F75 /* backgroung_white_circle.png */ = {isa = PBXFileReference; lastKnownFileType = image.png; path = backgroung_white_circle.png; sourceTree = "<group>"; };
/* End PBXFileReference section */

/* Begin PBXFrameworksBuildPhase section */
		AD567D2C15CAF87F00C5E212 /* Frameworks */ = {
			isa = PBXFrameworksBuildPhase;
			buildActionMask = 2147483647;
			files = (
				AD567D3415CAF87F00C5E212 /* UIKit.framework in Frameworks */,
				AD567D3615CAF87F00C5E212 /* Foundation.framework in Frameworks */,
				AD567D3815CAF87F00C5E212 /* CoreGraphics.framework in Frameworks */,
			);
			runOnlyForDeploymentPostprocessing = 0;
		};
/* End PBXFrameworksBuildPhase section */

/* Begin PBXGroup section */
		AD567D2415CAF87F00C5E212 = {
			isa = PBXGroup;
			children = (
				AD567D3915CAF87F00C5E212 /* Social Center */,
				AD567D3215CAF87F00C5E212 /* Frameworks */,
				AD567D3015CAF87F00C5E212 /* Products */,
			);
			sourceTree = "<group>";
		};
		AD567D3015CAF87F00C5E212 /* Products */ = {
			isa = PBXGroup;
			children = (
				AD567D2F15CAF87F00C5E212 /* Social Center.app */,
			);
			name = Products;
			sourceTree = "<group>";
		};
		AD567D3215CAF87F00C5E212 /* Frameworks */ = {
			isa = PBXGroup;
			children = (
				AD567D3315CAF87F00C5E212 /* UIKit.framework */,
				AD567D3515CAF87F00C5E212 /* Foundation.framework */,
				AD567D3715CAF87F00C5E212 /* CoreGraphics.framework */,
			);
			name = Frameworks;
			sourceTree = "<group>";
		};
		AD567D3915CAF87F00C5E212 /* Social Center */ = {
			isa = PBXGroup;
			children = (
				AD567D5015CAF8D600C5E212 /* images */,
				AD567D4215CAF87F00C5E212 /* SCAppDelegate.h */,
				AD567D4315CAF87F00C5E212 /* SCAppDelegate.m */,
				AD567D4515CAF87F00C5E212 /* SCViewController.h */,
				AD567D4615CAF87F00C5E212 /* SCViewController.m */,
				AD567D4815CAF87F00C5E212 /* SCViewController.xib */,
				AD567D3A15CAF87F00C5E212 /* Supporting Files */,
				AD567DFC15CAF98D00C5E212 /* SCMenuViewController.h */,
				AD567DFD15CAF98D00C5E212 /* SCMenuViewController.m */,
				AD567DFE15CAF98D00C5E212 /* SCMenuViewController.xib */,
				AD567E0115CAFF3700C5E212 /* SCBaseViewController.h */,
				AD567E0215CAFF3700C5E212 /* SCBaseViewController.m */,
				AD567E0415CB034100C5E212 /* SCPostViewController.h */,
				AD567E0515CB034100C5E212 /* SCPostViewController.m */,
				AD567E0615CB034100C5E212 /* SCPostViewController.xib */,
			);
			path = "Social Center";
			sourceTree = "<group>";
		};
		AD567D3A15CAF87F00C5E212 /* Supporting Files */ = {
			isa = PBXGroup;
			children = (
				AD567D3B15CAF87F00C5E212 /* Social Center-Info.plist */,
				AD567D3C15CAF87F00C5E212 /* InfoPlist.strings */,
				AD567D3F15CAF87F00C5E212 /* main.m */,
				AD567D4115CAF87F00C5E212 /* Social Center-Prefix.pch */,
			);
			name = "Supporting Files";
			sourceTree = "<group>";
		};
		AD567D5015CAF8D600C5E212 /* images */ = {
			isa = PBXGroup;
			children = (
				AD567D5115CAF8D600C5E212 /* background */,
				AD567D5615CAF8D600C5E212 /* balloon gray */,
				AD567D7115CAF8D700C5E212 /* baloon */,
				AD567D8C15CAF8D700C5E212 /* buttons */,
				AD567D8F15CAF8D700C5E212 /* circular */,
			);
			path = images;
			sourceTree = "<group>";
		};
		AD567D5115CAF8D600C5E212 /* background */ = {
			isa = PBXGroup;
			children = (
				ADD595DE15CB204E00112F75 /* backgroung_white_circle.png */,
				AD567D5215CAF8D600C5E212 /* background_empty.png */,
				AD567D5315CAF8D600C5E212 /* background_empty@2x.png */,
				AD567D5415CAF8D600C5E212 /* background_post.png */,
				AD567D5515CAF8D600C5E212 /* background_post@2x.png */,
			);
			path = background;
			sourceTree = "<group>";
		};
		AD567D5615CAF8D600C5E212 /* balloon gray */ = {
			isa = PBXGroup;
			children = (
				AD567D5715CAF8D600C5E212 /* 32px */,
				AD567D6415CAF8D600C5E212 /* 64px */,
			);
			path = "balloon gray";
			sourceTree = "<group>";
		};
		AD567D5715CAF8D600C5E212 /* 32px */ = {
			isa = PBXGroup;
			children = (
				AD567D5815CAF8D600C5E212 /* balloon_blogger_gray.png */,
				AD567D5915CAF8D600C5E212 /* balloon_facebook_gray.png */,
				AD567D5A15CAF8D600C5E212 /* balloon_flicr_gray.png */,
				AD567D5B15CAF8D600C5E212 /* balloon_foursquare_gray.png */,
				AD567D5C15CAF8D600C5E212 /* balloon_googleplusblack_gray.png */,
				AD567D5D15CAF8D600C5E212 /* balloon_googlepluswhite_gray.png */,
				AD567D5E15CAF8D600C5E212 /* balloon_instagram_gray.png */,
				AD567D5F15CAF8D600C5E212 /* balloon_linkedin_gray.png */,
				AD567D6015CAF8D600C5E212 /* balloon_myspace_gray.png */,
				AD567D6115CAF8D600C5E212 /* balloon_tumblr_gray.png */,
				AD567D6215CAF8D600C5E212 /* balloon_twitter_gray.png */,
				AD567D6315CAF8D600C5E212 /* balloon_wordpress_gray.png */,
			);
			path = 32px;
			sourceTree = "<group>";
		};
		AD567D6415CAF8D600C5E212 /* 64px */ = {
			isa = PBXGroup;
			children = (
				AD567D6515CAF8D600C5E212 /* balloon_blogger_gray@2x.png */,
				AD567D6615CAF8D700C5E212 /* balloon_facebook_gray@2x.png */,
				AD567D6715CAF8D700C5E212 /* balloon_flickr_gray@2x.png */,
				AD567D6815CAF8D700C5E212 /* balloon_foursquare_gray@2x.png */,
				AD567D6915CAF8D700C5E212 /* balloon_googleplusblack_gray@2x.png */,
				AD567D6A15CAF8D700C5E212 /* balloon_googlepluswhite_gray@2x.png */,
				AD567D6B15CAF8D700C5E212 /* balloon_instagram_gray@2x.png */,
				AD567D6C15CAF8D700C5E212 /* balloon_linkedin_gray@2x.png */,
				AD567D6D15CAF8D700C5E212 /* balloon_myspace_gray@2x.png */,
				AD567D6E15CAF8D700C5E212 /* balloon_tumblr_gray@2x.png */,
				AD567D6F15CAF8D700C5E212 /* balloon_twitter_gray@2x.png */,
				AD567D7015CAF8D700C5E212 /* balloon_wordpress_gray@2x.png */,
			);
			path = 64px;
			sourceTree = "<group>";
		};
		AD567D7115CAF8D700C5E212 /* baloon */ = {
			isa = PBXGroup;
			children = (
				AD567D7215CAF8D700C5E212 /* 32px */,
				AD567D7F15CAF8D700C5E212 /* 64px */,
			);
			path = baloon;
			sourceTree = "<group>";
		};
		AD567D7215CAF8D700C5E212 /* 32px */ = {
			isa = PBXGroup;
			children = (
				AD567D7315CAF8D700C5E212 /* balloon_blogger.png */,
				AD567D7415CAF8D700C5E212 /* balloon_facebook.png */,
				AD567D7515CAF8D700C5E212 /* balloon_flicr.png */,
				AD567D7615CAF8D700C5E212 /* balloon_foursquare.png */,
				AD567D7715CAF8D700C5E212 /* balloon_googleplusblack.png */,
				AD567D7815CAF8D700C5E212 /* balloon_googlepluswhite.png */,
				AD567D7915CAF8D700C5E212 /* balloon_instagram.png */,
				AD567D7A15CAF8D700C5E212 /* balloon_linkedin.png */,
				AD567D7B15CAF8D700C5E212 /* balloon_myspace.png */,
				AD567D7C15CAF8D700C5E212 /* balloon_tumblr.png */,
				AD567D7D15CAF8D700C5E212 /* balloon_twitter.png */,
				AD567D7E15CAF8D700C5E212 /* balloon_wordpress.png */,
			);
			path = 32px;
			sourceTree = "<group>";
		};
		AD567D7F15CAF8D700C5E212 /* 64px */ = {
			isa = PBXGroup;
			children = (
				AD567D8015CAF8D700C5E212 /* balloon_blogger@2x.png */,
				AD567D8115CAF8D700C5E212 /* balloon_facebook@2x.png */,
				AD567D8215CAF8D700C5E212 /* balloon_flickr@2x.png */,
				AD567D8315CAF8D700C5E212 /* balloon_foursquare@2x.png */,
				AD567D8415CAF8D700C5E212 /* balloon_googleplusblack@2x.png */,
				AD567D8515CAF8D700C5E212 /* balloon_googlepluswhite@2x.png */,
				AD567D8615CAF8D700C5E212 /* balloon_instagram@2x.png */,
				AD567D8715CAF8D700C5E212 /* balloon_linkedin@2x.png */,
				AD567D8815CAF8D700C5E212 /* balloon_myspace@2x.png */,
				AD567D8915CAF8D700C5E212 /* balloon_tumblr@2x.png */,
				AD567D8A15CAF8D700C5E212 /* balloon_twitter@2x.png */,
				AD567D8B15CAF8D700C5E212 /* balloon_wordpress@2x.png */,
			);
			path = 64px;
			sourceTree = "<group>";
		};
		AD567D8C15CAF8D700C5E212 /* buttons */ = {
			isa = PBXGroup;
			children = (
				AD567D8D15CAF8D700C5E212 /* rectengular_button.png */,
				AD567D8E15CAF8D700C5E212 /* rectengular_button@2x.png */,
			);
			path = buttons;
			sourceTree = "<group>";
		};
		AD567D8F15CAF8D700C5E212 /* circular */ = {
			isa = PBXGroup;
			children = (
				AD567D9015CAF8D700C5E212 /* 48px */,
				AD567D9E15CAF8D700C5E212 /* 96px */,
			);
			path = circular;
			sourceTree = "<group>";
		};
		AD567D9015CAF8D700C5E212 /* 48px */ = {
			isa = PBXGroup;
			children = (
				AD567D9115CAF8D700C5E212 /* circular_blogger.png */,
				AD567D9215CAF8D700C5E212 /* circular_centerminus.png */,
				AD567D9315CAF8D700C5E212 /* circular_facebook.png */,
				AD567D9415CAF8D700C5E212 /* circular_flickr.png */,
				AD567D9515CAF8D700C5E212 /* circular_foursquare.png */,
				AD567D9615CAF8D700C5E212 /* circular_googleplus.png */,
				AD567D9715CAF8D700C5E212 /* circular_instagram.png */,
				AD567D9815CAF8D700C5E212 /* circular_linkedin.png */,
				AD567D9915CAF8D700C5E212 /* circular_settings.png */,
				AD567D9A15CAF8D700C5E212 /* circular_socialcenter.png */,
				AD567D9B15CAF8D700C5E212 /* circular_tumblr.png */,
				AD567D9C15CAF8D700C5E212 /* circular_twitter.png */,
				AD567D9D15CAF8D700C5E212 /* circular_wordpress.png */,
			);
			path = 48px;
			sourceTree = "<group>";
		};
		AD567D9E15CAF8D700C5E212 /* 96px */ = {
			isa = PBXGroup;
			children = (
				AD567D9F15CAF8D700C5E212 /* circular_blogger@2x.png */,
				AD567DA015CAF8D700C5E212 /* circular_centerminus@2x.png */,
				AD567DA115CAF8D700C5E212 /* circular_facebook@2x.png */,
				AD567DA215CAF8D700C5E212 /* circular_flickr@2x.png */,
				AD567DA315CAF8D700C5E212 /* circular_foursquare@2x.png */,
				AD567DA415CAF8D700C5E212 /* circular_googleplus@2x.png */,
				AD567DA515CAF8D700C5E212 /* circular_instagram@2x.png */,
				AD567DA615CAF8D700C5E212 /* circular_linkedin@2x.png */,
				AD567DA715CAF8D700C5E212 /* circular_settings@2x.png */,
				AD567DA815CAF8D700C5E212 /* circular_socialcenter@2x.png */,
				AD567DA915CAF8D700C5E212 /* circular_tumblr@2x.png */,
				AD567DAA15CAF8D700C5E212 /* circular_twitter@2x.png */,
				AD567DAB15CAF8D700C5E212 /* circular_wordpress@2x.png */,
			);
			path = 96px;
			sourceTree = "<group>";
		};
/* End PBXGroup section */

/* Begin PBXNativeTarget section */
		AD567D2E15CAF87F00C5E212 /* Social Center */ = {
			isa = PBXNativeTarget;
			buildConfigurationList = AD567D4D15CAF87F00C5E212 /* Build configuration list for PBXNativeTarget "Social Center" */;
			buildPhases = (
				AD567D2B15CAF87F00C5E212 /* Sources */,
				AD567D2C15CAF87F00C5E212 /* Frameworks */,
				AD567D2D15CAF87F00C5E212 /* Resources */,
			);
			buildRules = (
			);
			dependencies = (
			);
			name = "Social Center";
			productName = "Social Center";
			productReference = AD567D2F15CAF87F00C5E212 /* Social Center.app */;
			productType = "com.apple.product-type.application";
		};
/* End PBXNativeTarget section */

/* Begin PBXProject section */
		AD567D2615CAF87F00C5E212 /* Project object */ = {
			isa = PBXProject;
			attributes = {
				CLASSPREFIX = SC;
				LastUpgradeCheck = 0430;
				ORGANIZATIONNAME = "T.C. Cumhurbaşkanlığı - BTB";
			};
			buildConfigurationList = AD567D2915CAF87F00C5E212 /* Build configuration list for PBXProject "Social Center" */;
			compatibilityVersion = "Xcode 3.2";
			developmentRegion = English;
			hasScannedForEncodings = 0;
			knownRegions = (
				en,
			);
			mainGroup = AD567D2415CAF87F00C5E212;
			productRefGroup = AD567D3015CAF87F00C5E212 /* Products */;
			projectDirPath = "";
			projectRoot = "";
			targets = (
				AD567D2E15CAF87F00C5E212 /* Social Center */,
			);
		};
/* End PBXProject section */

/* Begin PBXResourcesBuildPhase section */
		AD567D2D15CAF87F00C5E212 /* Resources */ = {
			isa = PBXResourcesBuildPhase;
			buildActionMask = 2147483647;
			files = (
				AD567D3E15CAF87F00C5E212 /* InfoPlist.strings in Resources */,
				AD567D4A15CAF87F00C5E212 /* SCViewController.xib in Resources */,
				AD567DAC15CAF8D700C5E212 /* background_empty.png in Resources */,
				AD567DAD15CAF8D700C5E212 /* background_empty@2x.png in Resources */,
				AD567DAE15CAF8D700C5E212 /* background_post.png in Resources */,
				AD567DAF15CAF8D700C5E212 /* background_post@2x.png in Resources */,
				AD567DB015CAF8D700C5E212 /* balloon_blogger_gray.png in Resources */,
				AD567DB115CAF8D700C5E212 /* balloon_facebook_gray.png in Resources */,
				AD567DB215CAF8D700C5E212 /* balloon_flicr_gray.png in Resources */,
				AD567DB315CAF8D700C5E212 /* balloon_foursquare_gray.png in Resources */,
				AD567DB415CAF8D700C5E212 /* balloon_googleplusblack_gray.png in Resources */,
				AD567DB515CAF8D700C5E212 /* balloon_googlepluswhite_gray.png in Resources */,
				AD567DB615CAF8D700C5E212 /* balloon_instagram_gray.png in Resources */,
				AD567DB715CAF8D700C5E212 /* balloon_linkedin_gray.png in Resources */,
				AD567DB815CAF8D700C5E212 /* balloon_myspace_gray.png in Resources */,
				AD567DB915CAF8D700C5E212 /* balloon_tumblr_gray.png in Resources */,
				AD567DBA15CAF8D700C5E212 /* balloon_twitter_gray.png in Resources */,
				AD567DBB15CAF8D700C5E212 /* balloon_wordpress_gray.png in Resources */,
				AD567DBC15CAF8D700C5E212 /* balloon_blogger_gray@2x.png in Resources */,
				AD567DBD15CAF8D700C5E212 /* balloon_facebook_gray@2x.png in Resources */,
				AD567DBE15CAF8D700C5E212 /* balloon_flickr_gray@2x.png in Resources */,
				AD567DBF15CAF8D700C5E212 /* balloon_foursquare_gray@2x.png in Resources */,
				AD567DC015CAF8D700C5E212 /* balloon_googleplusblack_gray@2x.png in Resources */,
				AD567DC115CAF8D700C5E212 /* balloon_googlepluswhite_gray@2x.png in Resources */,
				AD567DC215CAF8D700C5E212 /* balloon_instagram_gray@2x.png in Resources */,
				AD567DC315CAF8D700C5E212 /* balloon_linkedin_gray@2x.png in Resources */,
				AD567DC415CAF8D700C5E212 /* balloon_myspace_gray@2x.png in Resources */,
				AD567DC515CAF8D700C5E212 /* balloon_tumblr_gray@2x.png in Resources */,
				AD567DC615CAF8D700C5E212 /* balloon_twitter_gray@2x.png in Resources */,
				AD567DC715CAF8D700C5E212 /* balloon_wordpress_gray@2x.png in Resources */,
				AD567DC815CAF8D700C5E212 /* balloon_blogger.png in Resources */,
				AD567DC915CAF8D700C5E212 /* balloon_facebook.png in Resources */,
				AD567DCA15CAF8D700C5E212 /* balloon_flicr.png in Resources */,
				AD567DCB15CAF8D700C5E212 /* balloon_foursquare.png in Resources */,
				AD567DCC15CAF8D700C5E212 /* balloon_googleplusblack.png in Resources */,
				AD567DCD15CAF8D700C5E212 /* balloon_googlepluswhite.png in Resources */,
				AD567DCE15CAF8D700C5E212 /* balloon_instagram.png in Resources */,
				AD567DCF15CAF8D700C5E212 /* balloon_linkedin.png in Resources */,
				AD567DD015CAF8D700C5E212 /* balloon_myspace.png in Resources */,
				AD567DD115CAF8D700C5E212 /* balloon_tumblr.png in Resources */,
				AD567DD215CAF8D700C5E212 /* balloon_twitter.png in Resources */,
				AD567DD315CAF8D700C5E212 /* balloon_wordpress.png in Resources */,
				AD567DD415CAF8D700C5E212 /* balloon_blogger@2x.png in Resources */,
				AD567DD515CAF8D700C5E212 /* balloon_facebook@2x.png in Resources */,
				AD567DD615CAF8D700C5E212 /* balloon_flickr@2x.png in Resources */,
				AD567DD715CAF8D700C5E212 /* balloon_foursquare@2x.png in Resources */,
				AD567DD815CAF8D700C5E212 /* balloon_googleplusblack@2x.png in Resources */,
				AD567DD915CAF8D700C5E212 /* balloon_googlepluswhite@2x.png in Resources */,
				AD567DDA15CAF8D700C5E212 /* balloon_instagram@2x.png in Resources */,
				AD567DDB15CAF8D700C5E212 /* balloon_linkedin@2x.png in Resources */,
				AD567DDC15CAF8D700C5E212 /* balloon_myspace@2x.png in Resources */,
				AD567DDD15CAF8D700C5E212 /* balloon_tumblr@2x.png in Resources */,
				AD567DDE15CAF8D700C5E212 /* balloon_twitter@2x.png in Resources */,
				AD567DDF15CAF8D700C5E212 /* balloon_wordpress@2x.png in Resources */,
				AD567DE015CAF8D700C5E212 /* rectengular_button.png in Resources */,
				AD567DE115CAF8D700C5E212 /* rectengular_button@2x.png in Resources */,
				AD567DE215CAF8D700C5E212 /* circular_blogger.png in Resources */,
				AD567DE315CAF8D700C5E212 /* circular_centerminus.png in Resources */,
				AD567DE415CAF8D700C5E212 /* circular_facebook.png in Resources */,
				AD567DE515CAF8D700C5E212 /* circular_flickr.png in Resources */,
				AD567DE615CAF8D700C5E212 /* circular_foursquare.png in Resources */,
				AD567DE715CAF8D700C5E212 /* circular_googleplus.png in Resources */,
				AD567DE815CAF8D700C5E212 /* circular_instagram.png in Resources */,
				AD567DE915CAF8D700C5E212 /* circular_linkedin.png in Resources */,
				AD567DEA15CAF8D700C5E212 /* circular_settings.png in Resources */,
				AD567DEB15CAF8D700C5E212 /* circular_socialcenter.png in Resources */,
				AD567DEC15CAF8D700C5E212 /* circular_tumblr.png in Resources */,
				AD567DED15CAF8D700C5E212 /* circular_twitter.png in Resources */,
				AD567DEE15CAF8D700C5E212 /* circular_wordpress.png in Resources */,
				AD567DEF15CAF8D700C5E212 /* circular_blogger@2x.png in Resources */,
				AD567DF015CAF8D700C5E212 /* circular_centerminus@2x.png in Resources */,
				AD567DF115CAF8D700C5E212 /* circular_facebook@2x.png in Resources */,
				AD567DF215CAF8D700C5E212 /* circular_flickr@2x.png in Resources */,
				AD567DF315CAF8D700C5E212 /* circular_foursquare@2x.png in Resources */,
				AD567DF415CAF8D700C5E212 /* circular_googleplus@2x.png in Resources */,
				AD567DF515CAF8D700C5E212 /* circular_instagram@2x.png in Resources */,
				AD567DF615CAF8D700C5E212 /* circular_linkedin@2x.png in Resources */,
				AD567DF715CAF8D700C5E212 /* circular_settings@2x.png in Resources */,
				AD567DF815CAF8D700C5E212 /* circular_socialcenter@2x.png in Resources */,
				AD567DF915CAF8D700C5E212 /* circular_tumblr@2x.png in Resources */,
				AD567DFA15CAF8D700C5E212 /* circular_twitter@2x.png in Resources */,
				AD567DFB15CAF8D700C5E212 /* circular_wordpress@2x.png in Resources */,
				AD567E0015CAF98D00C5E212 /* SCMenuViewController.xib in Resources */,
				AD567E0815CB034100C5E212 /* SCPostViewController.xib in Resources */,
				ADD595DF15CB204E00112F75 /* backgroung_white_circle.png in Resources */,
			);
			runOnlyForDeploymentPostprocessing = 0;
		};
/* End PBXResourcesBuildPhase section */

/* Begin PBXSourcesBuildPhase section */
		AD567D2B15CAF87F00C5E212 /* Sources */ = {
			isa = PBXSourcesBuildPhase;
			buildActionMask = 2147483647;
			files = (
				AD567D4015CAF87F00C5E212 /* main.m in Sources */,
				AD567D4415CAF87F00C5E212 /* SCAppDelegate.m in Sources */,
				AD567D4715CAF87F00C5E212 /* SCViewController.m in Sources */,
				AD567DFF15CAF98D00C5E212 /* SCMenuViewController.m in Sources */,
				AD567E0315CAFF3700C5E212 /* SCBaseViewController.m in Sources */,
				AD567E0715CB034100C5E212 /* SCPostViewController.m in Sources */,
			);
			runOnlyForDeploymentPostprocessing = 0;
		};
/* End PBXSourcesBuildPhase section */

/* Begin PBXVariantGroup section */
		AD567D3C15CAF87F00C5E212 /* InfoPlist.strings */ = {
			isa = PBXVariantGroup;
			children = (
				AD567D3D15CAF87F00C5E212 /* en */,
			);
			name = InfoPlist.strings;
			sourceTree = "<group>";
		};
		AD567D4815CAF87F00C5E212 /* SCViewController.xib */ = {
			isa = PBXVariantGroup;
			children = (
				AD567D4915CAF87F00C5E212 /* en */,
			);
			name = SCViewController.xib;
			sourceTree = "<group>";
		};
/* End PBXVariantGroup section */

/* Begin XCBuildConfiguration section */
		AD567D4B15CAF87F00C5E212 /* Debug */ = {
			isa = XCBuildConfiguration;
			buildSettings = {
				ALWAYS_SEARCH_USER_PATHS = NO;
				ARCHS = "$(ARCHS_STANDARD_32_BIT)";
				CLANG_ENABLE_OBJC_ARC = YES;
				"CODE_SIGN_IDENTITY[sdk=iphoneos*]" = "iPhone Developer";
				COPY_PHASE_STRIP = NO;
				GCC_C_LANGUAGE_STANDARD = gnu99;
				GCC_DYNAMIC_NO_PIC = NO;
				GCC_OPTIMIZATION_LEVEL = 0;
				GCC_PREPROCESSOR_DEFINITIONS = (
					"DEBUG=1",
					"$(inherited)",
				);
				GCC_SYMBOLS_PRIVATE_EXTERN = NO;
				GCC_VERSION = com.apple.compilers.llvm.clang.1_0;
				GCC_WARN_ABOUT_RETURN_TYPE = YES;
				GCC_WARN_UNINITIALIZED_AUTOS = YES;
				GCC_WARN_UNUSED_VARIABLE = YES;
				IPHONEOS_DEPLOYMENT_TARGET = 4.0;
				SDKROOT = iphoneos;
			};
			name = Debug;
		};
		AD567D4C15CAF87F00C5E212 /* Release */ = {
			isa = XCBuildConfiguration;
			buildSettings = {
				ALWAYS_SEARCH_USER_PATHS = NO;
				ARCHS = "$(ARCHS_STANDARD_32_BIT)";
				CLANG_ENABLE_OBJC_ARC = YES;
				"CODE_SIGN_IDENTITY[sdk=iphoneos*]" = "iPhone Developer";
				COPY_PHASE_STRIP = YES;
				GCC_C_LANGUAGE_STANDARD = gnu99;
				GCC_VERSION = com.apple.compilers.llvm.clang.1_0;
				GCC_WARN_ABOUT_RETURN_TYPE = YES;
				GCC_WARN_UNINITIALIZED_AUTOS = YES;
				GCC_WARN_UNUSED_VARIABLE = YES;
				IPHONEOS_DEPLOYMENT_TARGET = 4.0;
				OTHER_CFLAGS = "-DNS_BLOCK_ASSERTIONS=1";
				SDKROOT = iphoneos;
				VALIDATE_PRODUCT = YES;
			};
			name = Release;
		};
		AD567D4E15CAF87F00C5E212 /* Debug */ = {
			isa = XCBuildConfiguration;
			buildSettings = {
				GCC_PRECOMPILE_PREFIX_HEADER = YES;
				GCC_PREFIX_HEADER = "Social Center/Social Center-Prefix.pch";
				INFOPLIST_FILE = "Social Center/Social Center-Info.plist";
				IPHONEOS_DEPLOYMENT_TARGET = 4.0;
				PRODUCT_NAME = "$(TARGET_NAME)";
				WRAPPER_EXTENSION = app;
			};
			name = Debug;
		};
		AD567D4F15CAF87F00C5E212 /* Release */ = {
			isa = XCBuildConfiguration;
			buildSettings = {
				GCC_PRECOMPILE_PREFIX_HEADER = YES;
				GCC_PREFIX_HEADER = "Social Center/Social Center-Prefix.pch";
				INFOPLIST_FILE = "Social Center/Social Center-Info.plist";
				IPHONEOS_DEPLOYMENT_TARGET = 4.0;
				PRODUCT_NAME = "$(TARGET_NAME)";
				WRAPPER_EXTENSION = app;
			};
			name = Release;
		};
/* End XCBuildConfiguration section */

/* Begin XCConfigurationList section */
		AD567D2915CAF87F00C5E212 /* Build configuration list for PBXProject "Social Center" */ = {
			isa = XCConfigurationList;
			buildConfigurations = (
				AD567D4B15CAF87F00C5E212 /* Debug */,
				AD567D4C15CAF87F00C5E212 /* Release */,
			);
			defaultConfigurationIsVisible = 0;
			defaultConfigurationName = Release;
		};
		AD567D4D15CAF87F00C5E212 /* Build configuration list for PBXNativeTarget "Social Center" */ = {
			isa = XCConfigurationList;
			buildConfigurations = (
				AD567D4E15CAF87F00C5E212 /* Debug */,
				AD567D4F15CAF87F00C5E212 /* Release */,
			);
			defaultConfigurationIsVisible = 0;
			defaultConfigurationName = Release;
		};
/* End XCConfigurationList section */
	};
	rootObject = AD567D2615CAF87F00C5E212 /* Project object */;
}
